{
  "object": {
    "pins": [
      {
        "package": "SimpleFunctional",
        "repositoryURL": "https://github.com/viralplatipuss/SimpleFunctional.git",
        "state": {
          "branch": null,
          "revision": "2fc5d5a986c2dd07ed3076f8b380e54661a84804",
          "version": "0.0.7"
        }
      }
    ]
  },
  "version": 1
}
