{
  "object": {
    "pins": [
      {
        "package": "SimpleFunctional",
        "repositoryURL": "https://github.com/viralplatipuss/SimpleFunctional.git",
        "state": {
          "branch": null,
          "revision": "cb5f80935a4efe6a7783331272cc104a33db8b70",
          "version": "0.0.6"
        }
      }
    ]
  },
  "version": 1
}
